
Microsoft Visual Studio Solution File, Format Version 12.00
# Visual Studio Version 16
VisualStudioVersion = 16.0.30621.155
MinimumVisualStudioVersion = 10.0.40219.1
Project("{FAE04EC0-301F-11D3-BF4B-00C04F79EFBC}") = "iGamingPaymentProcessing", "iGamingPaymentProcessing.csproj", "{564DBF67-61E8-4A2F-A8C7-376E8A2A54BC}"
EndProject
Global
	GlobalSection(SolutionConfigurationPlatforms) = preSolution
		Debug|Any CPU = Debug|Any CPU
		Release|Any CPU = Release|Any CPU
	EndGlobalSection
	GlobalSection(ProjectConfigurationPlatforms) = postSolution
		{564DBF67-61E8-4A2F-A8C7-376E8A2A54BC}.Debug|Any CPU.ActiveCfg = Debug|Any CPU
		{564DBF67-61E8-4A2F-A8C7-376E8A2A54BC}.Debug|Any CPU.Build.0 = Debug|Any CPU
		{564DBF67-61E8-4A2F-A8C7-376E8A2A54BC}.Release|Any CPU.ActiveCfg = Release|Any CPU
		{564DBF67-61E8-4A2F-A8C7-376E8A2A54BC}.Release|Any CPU.Build.0 = Release|Any CPU
	EndGlobalSection
	GlobalSection(SolutionProperties) = preSolution
		HideSolutionNode = FALSE
	EndGlobalSection
	GlobalSection(ExtensibilityGlobals) = postSolution
		SolutionGuid = {E435DBED-8C6B-4D63-BD3F-83DB07E634F1}
	EndGlobalSection
EndGlobal
